// !$*UTF8*$!
{
	archiveVersion = 1;
	classes = {
	};
	objectVersion = 70;
	objects = {

/* Begin PBXBuildFile section */
		076726E82EB18CCF00BEDA68 /* ExportService.swift in Sources */ = {isa = PBXBuildFile; fileRef = 076726E72EB18CCF00BEDA68 /* ExportService.swift */; };
		0767AAAA2EB18DDC00BEDAFF /* MapMath.swift in Sources */ = {isa = PBXBuildFile; fileRef = 0767AAAB2EB18DDC00BEDAFF /* MapMath.swift */; };
		0767AABE2EB18E6A00BEDAFF /* ShareSheet.swift in Sources */ = {isa = PBXBuildFile; fileRef = 0767AABD2EB18E6A00BEDAFF /* ShareSheet.swift */; };
		0FD7628EC1B5368AAA654795 /* PermissionStatusView.swift in Sources */ = {isa = PBXBuildFile; fileRef = 08ABE5C9782CC8CACA39E735 /* PermissionStatusView.swift */; };
		1D40674C463D3B7AB6F60652 /* RecentLocationsView.swift in Sources */ = {isa = PBXBuildFile; fileRef = 9FAD7BA446F0F7CD594BB760 /* RecentLocationsView.swift */; };
		1F00239F337DDF5FB1F2E7CE /* TrackingControlButton.swift in Sources */ = {isa = PBXBuildFile; fileRef = D4A1AF1DF82AF7653074BC8C /* TrackingControlButton.swift */; };
		1FA6DF0169A7A84762A0757F /* SessionStatisticsCard.swift in Sources */ = {isa = PBXBuildFile; fileRef = D59CAF947C50CCD6300C887F /* SessionStatisticsCard.swift */; };
		2B4D66234587161685C16D6B /* TrackingMode.swift in Sources */ = {isa = PBXBuildFile; fileRef = 74588DD5803D317063AE2660 /* TrackingMode.swift */; };
		37271912A8AB9EAD6947E6CF /* TrackingComponents.swift in Sources */ = {isa = PBXBuildFile; fileRef = F2CDE3B6068120221FCE30F5 /* TrackingComponents.swift */; };
		3B1115DDFAE5CB4AEB1BCE95 /* HistoryComponents.swift in Sources */ = {isa = PBXBuildFile; fileRef = CA5F203F22A0881250AF3116 /* HistoryComponents.swift */; };
		4B24020CC7B647A5A0647AF7 /* Config.swift in Sources */ = {isa = PBXBuildFile; fileRef = E6A49A431CAA4ACABE960D26 /* Config.swift */; };
		556BC21BE3EF47C9B74CFAF5 /* CoreDataRepositories.swift in Sources */ = {isa = PBXBuildFile; fileRef = E94CA6875E8C4784A6976C72 /* CoreDataRepositories.swift */; };
		708EDB67C8B6485242B14447 /* SessionInfoCard.swift in Sources */ = {isa = PBXBuildFile; fileRef = 34ED702B2F1A9F553D8B4276 /* SessionInfoCard.swift */; };
		74A7FE5BA78E1F2D60D25B94 /* CurrentLocationView.swift in Sources */ = {isa = PBXBuildFile; fileRef = 31B53DEEA33CA8EC574A4C05 /* CurrentLocationView.swift */; };
		7858E9EE7FDA1C36EB65E87C /* ModernSessionRowView.swift in Sources */ = {isa = PBXBuildFile; fileRef = BC4619B0135A9EC7F9501CA4 /* ModernSessionRowView.swift */; };
		7C8E9F2A2B4A1B3C00123456 /* TrackMeApp.swift in Sources */ = {isa = PBXBuildFile; fileRef = 7C8E9F292B4A1B3C00123456 /* TrackMeApp.swift */; };
		7C8E9F2C2B4A1B3C00123456 /* ContentView.swift in Sources */ = {isa = PBXBuildFile; fileRef = 7C8E9F2B2B4A1B3C00123456 /* ContentView.swift */; };
		7C8E9F2E2B4A1B3D00123456 /* Assets.xcassets in Resources */ = {isa = PBXBuildFile; fileRef = 7C8E9F2D2B4A1B3D00123456 /* Assets.xcassets */; };
		7C8E9F312B4A1B3D00123456 /* Preview Assets.xcassets in Resources */ = {isa = PBXBuildFile; fileRef = 7C8E9F302B4A1B3D00123456 /* Preview Assets.xcassets */; };
		7C8E9F332B4A1B3D00123456 /* Persistence.swift in Sources */ = {isa = PBXBuildFile; fileRef = 7C8E9F322B4A1B3D00123456 /* Persistence.swift */; };
		7C8E9F362B4A1B3D00123456 /* TrackMe.xcdatamodeld in Sources */ = {isa = PBXBuildFile; fileRef = 7C8E9F342B4A1B3D00123456 /* TrackMe.xcdatamodeld */; };
		7C8E9F3E2B4A1C1000123456 /* LocationManager.swift in Sources */ = {isa = PBXBuildFile; fileRef = 7C8E9F3D2B4A1C1000123456 /* LocationManager.swift */; };
		7C8E9F402B4A1C2000123456 /* TrackingView.swift in Sources */ = {isa = PBXBuildFile; fileRef = 7C8E9F3F2B4A1C2000123456 /* TrackingView.swift */; };
		7C8E9F422B4A1C3000123456 /* HistoryView.swift in Sources */ = {isa = PBXBuildFile; fileRef = 7C8E9F412B4A1C3000123456 /* HistoryView.swift */; };
		7C8E9F442B4A1C4000123456 /* TripMapView.swift in Sources */ = {isa = PBXBuildFile; fileRef = 7C8E9F432B4A1C4000123456 /* TripMapView.swift */; };
		7C8E9F462B4A1C5000123456 /* PhoneConnectivityManager.swift in Sources */ = {isa = PBXBuildFile; fileRef = 7C8E9F452B4A1C5000123456 /* PhoneConnectivityManager.swift */; };
		7C8E9F502B4A1D1000123456 /* TrackMe_Watch_AppApp.swift in Sources */ = {isa = PBXBuildFile; fileRef = 7C8E9F4F2B4A1D1000123456 /* TrackMe_Watch_AppApp.swift */; };
		7C8E9F522B4A1D1000123456 /* ContentView.swift in Sources */ = {isa = PBXBuildFile; fileRef = 7C8E9F512B4A1D1000123456 /* ContentView.swift */; };
		7C8E9F542B4A1D1000123456 /* Assets.xcassets in Resources */ = {isa = PBXBuildFile; fileRef = 7C8E9F532B4A1D1000123456 /* Assets.xcassets */; };
		7C8E9F572B4A1D1000123456 /* Preview Assets.xcassets in Resources */ = {isa = PBXBuildFile; fileRef = 7C8E9F562B4A1D1000123456 /* Preview Assets.xcassets */; };
		7C8E9F592B4A1D2000123456 /* WatchConnectivityManager.swift in Sources */ = {isa = PBXBuildFile; fileRef = 7C8E9F582B4A1D2000123456 /* WatchConnectivityManager.swift */; };
		7C8E9F5B2B4A1D3000123456 /* TrackingControlView.swift in Sources */ = {isa = PBXBuildFile; fileRef = 7C8E9F5A2B4A1D3000123456 /* TrackingControlView.swift */; };
		7C8E9F5D2B4A1D4000123456 /* SessionStatusView.swift in Sources */ = {isa = PBXBuildFile; fileRef = 7C8E9F5C2B4A1D4000123456 /* SessionStatusView.swift */; };
		861E38E19EA5E9EA97AC7C4A /* PermissionBanner.swift in Sources */ = {isa = PBXBuildFile; fileRef = E914F2CD5892FA0AA7B8EB94 /* PermissionBanner.swift */; };
		8DFDAE7C5530A6C44266E0C1 /* TrackingSession+Helpers.swift in Sources */ = {isa = PBXBuildFile; fileRef = 7F53884B837EE5BC2D70A17B /* TrackingSession+Helpers.swift */; };
		8F03923C43E14B76B73E1007 /* RepositoryProtocols.swift in Sources */ = {isa = PBXBuildFile; fileRef = 75461525581C41A79FA516E6 /* RepositoryProtocols.swift */; };
		905EBE97720ED330D8400170 /* TrackingModeSettingsView.swift in Sources */ = {isa = PBXBuildFile; fileRef = 64F8D6328889461EF061FA85 /* TrackingModeSettingsView.swift */; };
		93D28559EC42E856F22AE215 /* TrackingStatusIndicator.swift in Sources */ = {isa = PBXBuildFile; fileRef = 3FE3261C3EC4921318B1EBC6 /* TrackingStatusIndicator.swift */; };
		97817187B58561E3540ACC24 /* NarrativeInputView.swift in Sources */ = {isa = PBXBuildFile; fileRef = F08FDDC6A164BD61F0DE7125 /* NarrativeInputView.swift */; };
		982CF5E182E890CD78FE6240 /* EmptyHistoryView.swift in Sources */ = {isa = PBXBuildFile; fileRef = 6B7A2AB053A94AC1BB0DC04C /* EmptyHistoryView.swift */; };
		A1B2C3D42B4A1E0000123456 /* KalmanFilter.swift in Sources */ = {isa = PBXBuildFile; fileRef = A1B2C3D32B4A1E0000123456 /* KalmanFilter.swift */; };
		B664BB359DF33549BE45C758 /* ErrorHandling.swift in Sources */ = {isa = PBXBuildFile; fileRef = 36E8F9447653B016BA5AF298 /* ErrorHandling.swift */; };
		C9132393BB0BF265F32414FF /* BackgroundTrackingInfoView.swift in Sources */ = {isa = PBXBuildFile; fileRef = EE143871B747DC0D17E297B2 /* BackgroundTrackingInfoView.swift */; };
		CF3744EC5558C9247CE53B1D /* SessionStatisticsView.swift in Sources */ = {isa = PBXBuildFile; fileRef = F298DA005ACCA2A6C3D1CA30 /* SessionStatisticsView.swift */; };
		FB665B47B7749B4C88B25BBB /* ErrorAlertView.swift in Sources */ = {isa = PBXBuildFile; fileRef = BEBF1DD3C6406920EEE29E14 /* ErrorAlertView.swift */; };
		FE39A2A87C27BE4E92C56784 /* SessionDetailView.swift in Sources */ = {isa = PBXBuildFile; fileRef = CDBD46E4EC1B24C4315ACA6F /* SessionDetailView.swift */; };
		AA11BB22CC33DD4411223344 /* HistoryListViewModel.swift in Sources */ = {isa = PBXBuildFile; fileRef = BB22CC33DD44EE5522334455 /* HistoryListViewModel.swift */; };
		CC33DD44EE55FF6622445566 /* MapViewModel.swift in Sources */ = {isa = PBXBuildFile; fileRef = DD44EE55FF66AA7733556677 /* MapViewModel.swift */; };
		EE55FF66AA77BB8833667788 /* TrackingControlBarViewModel.swift in Sources */ = {isa = PBXBuildFile; fileRef = FF66AA77BB88CC9944778899 /* TrackingControlBarViewModel.swift */; };
		AA77BB88CC99DD1144889900 /* TripMapSubViews.swift in Sources */ = {isa = PBXBuildFile; fileRef = BB88CC99DD00EE2255990011 /* TripMapSubViews.swift */; };
		BB99CC00DD11EE2244001122 /* TrackingSubViews.swift in Sources */ = {isa = PBXBuildFile; fileRef = CC00DD11EE22FF3355112233 /* TrackingSubViews.swift */; };
/* End PBXBuildFile section */

/* Begin PBXContainerItemProxy section */
		07216F4C2EB170870091E25F /* PBXContainerItemProxy */ = {
			isa = PBXContainerItemProxy;
			containerPortal = 7C8E9F1E2B4A1B3C00123456 /* Project object */;
			proxyType = 1;
			remoteGlobalIDString = 7C8E9F252B4A1B3C00123456;
			remoteInfo = TrackMe;
		};
/* End PBXContainerItemProxy section */

/* Begin PBXFileReference section */
		070366E42EB14C8600C2E1F4 /* TrackMe.app */ = {isa = PBXFileReference; explicitFileType = wrapper.application; includeInIndex = 0; path = TrackMe.app; sourceTree = BUILT_PRODUCTS_DIR; };
		070366E62EB14C8600C2E1F4 /* TrackMe Watch App.app */ = {isa = PBXFileReference; explicitFileType = wrapper.application; includeInIndex = 0; path = "TrackMe Watch App.app"; sourceTree = BUILT_PRODUCTS_DIR; };
		07216F482EB170870091E25F /* TrackMeTests.xctest */ = {isa = PBXFileReference; explicitFileType = wrapper.cfbundle; includeInIndex = 0; path = TrackMeTests.xctest; sourceTree = BUILT_PRODUCTS_DIR; };
		076726E72EB18CCF00BEDA68 /* ExportService.swift */ = {isa = PBXFileReference; lastKnownFileType = sourcecode.swift; path = ExportService.swift; sourceTree = "<group>"; };
		0767AAAB2EB18DDC00BEDAFF /* MapMath.swift */ = {isa = PBXFileReference; lastKnownFileType = sourcecode.swift; path = MapMath.swift; sourceTree = "<group>"; };
		0767AABD2EB18E6A00BEDAFF /* ShareSheet.swift */ = {isa = PBXFileReference; lastKnownFileType = sourcecode.swift; path = ShareSheet.swift; sourceTree = "<group>"; };
		08ABE5C9782CC8CACA39E735 /* PermissionStatusView.swift */ = {isa = PBXFileReference; lastKnownFileType = sourcecode.swift; path = PermissionStatusView.swift; sourceTree = "<group>"; };
		31B53DEEA33CA8EC574A4C05 /* CurrentLocationView.swift */ = {isa = PBXFileReference; lastKnownFileType = sourcecode.swift; path = CurrentLocationView.swift; sourceTree = "<group>"; };
		34ED702B2F1A9F553D8B4276 /* SessionInfoCard.swift */ = {isa = PBXFileReference; lastKnownFileType = sourcecode.swift; path = SessionInfoCard.swift; sourceTree = "<group>"; };
		36E8F9447653B016BA5AF298 /* ErrorHandling.swift */ = {isa = PBXFileReference; lastKnownFileType = sourcecode.swift; path = ErrorHandling.swift; sourceTree = "<group>"; };
		3FE3261C3EC4921318B1EBC6 /* TrackingStatusIndicator.swift */ = {isa = PBXFileReference; lastKnownFileType = sourcecode.swift; path = TrackingStatusIndicator.swift; sourceTree = "<group>"; };
		64F8D6328889461EF061FA85 /* TrackingModeSettingsView.swift */ = {isa = PBXFileReference; lastKnownFileType = sourcecode.swift; path = TrackingModeSettingsView.swift; sourceTree = "<group>"; };
		6B7A2AB053A94AC1BB0DC04C /* EmptyHistoryView.swift */ = {isa = PBXFileReference; lastKnownFileType = sourcecode.swift; path = EmptyHistoryView.swift; sourceTree = "<group>"; };
		74588DD5803D317063AE2660 /* TrackingMode.swift */ = {isa = PBXFileReference; lastKnownFileType = sourcecode.swift; path = TrackingMode.swift; sourceTree = "<group>"; };
		75461525581C41A79FA516E6 /* RepositoryProtocols.swift */ = {isa = PBXFileReference; lastKnownFileType = sourcecode.swift; path = RepositoryProtocols.swift; sourceTree = "<group>"; };
		7C8E9F292B4A1B3C00123456 /* TrackMeApp.swift */ = {isa = PBXFileReference; lastKnownFileType = sourcecode.swift; path = TrackMeApp.swift; sourceTree = "<group>"; };
		7C8E9F2B2B4A1B3C00123456 /* ContentView.swift */ = {isa = PBXFileReference; lastKnownFileType = sourcecode.swift; path = ContentView.swift; sourceTree = "<group>"; };
		7C8E9F2D2B4A1B3D00123456 /* Assets.xcassets */ = {isa = PBXFileReference; lastKnownFileType = folder.assetcatalog; path = Assets.xcassets; sourceTree = "<group>"; };
		7C8E9F302B4A1B3D00123456 /* Preview Assets.xcassets */ = {isa = PBXFileReference; lastKnownFileType = folder.assetcatalog; path = "Preview Assets.xcassets"; sourceTree = "<group>"; };
		7C8E9F322B4A1B3D00123456 /* Persistence.swift */ = {isa = PBXFileReference; lastKnownFileType = sourcecode.swift; path = Persistence.swift; sourceTree = "<group>"; };
		7C8E9F352B4A1B3D00123456 /* TrackMe.xcdatamodel */ = {isa = PBXFileReference; lastKnownFileType = wrapper.xcdatamodel; path = TrackMe.xcdatamodel; sourceTree = "<group>"; };
		7C8E9F3D2B4A1C1000123456 /* LocationManager.swift */ = {isa = PBXFileReference; lastKnownFileType = sourcecode.swift; path = LocationManager.swift; sourceTree = "<group>"; };
		7C8E9F3F2B4A1C2000123456 /* TrackingView.swift */ = {isa = PBXFileReference; lastKnownFileType = sourcecode.swift; path = TrackingView.swift; sourceTree = "<group>"; };
		7C8E9F412B4A1C3000123456 /* HistoryView.swift */ = {isa = PBXFileReference; lastKnownFileType = sourcecode.swift; path = HistoryView.swift; sourceTree = "<group>"; };
		7C8E9F432B4A1C4000123456 /* TripMapView.swift */ = {isa = PBXFileReference; lastKnownFileType = sourcecode.swift; path = TripMapView.swift; sourceTree = "<group>"; };
		7C8E9F452B4A1C5000123456 /* PhoneConnectivityManager.swift */ = {isa = PBXFileReference; lastKnownFileType = sourcecode.swift; path = PhoneConnectivityManager.swift; sourceTree = "<group>"; };
		7C8E9F4F2B4A1D1000123456 /* TrackMe_Watch_AppApp.swift */ = {isa = PBXFileReference; lastKnownFileType = sourcecode.swift; path = TrackMe_Watch_AppApp.swift; sourceTree = "<group>"; };
		7C8E9F512B4A1D1000123456 /* ContentView.swift */ = {isa = PBXFileReference; lastKnownFileType = sourcecode.swift; path = ContentView.swift; sourceTree = "<group>"; };
		7C8E9F532B4A1D1000123456 /* Assets.xcassets */ = {isa = PBXFileReference; lastKnownFileType = folder.assetcatalog; path = Assets.xcassets; sourceTree = "<group>"; };
		7C8E9F562B4A1D1000123456 /* Preview Assets.xcassets */ = {isa = PBXFileReference; lastKnownFileType = folder.assetcatalog; path = "Preview Assets.xcassets"; sourceTree = "<group>"; };
		7C8E9F582B4A1D2000123456 /* WatchConnectivityManager.swift */ = {isa = PBXFileReference; lastKnownFileType = sourcecode.swift; path = WatchConnectivityManager.swift; sourceTree = "<group>"; };
		7C8E9F5A2B4A1D3000123456 /* TrackingControlView.swift */ = {isa = PBXFileReference; lastKnownFileType = sourcecode.swift; path = TrackingControlView.swift; sourceTree = "<group>"; };
		7C8E9F5C2B4A1D4000123456 /* SessionStatusView.swift */ = {isa = PBXFileReference; lastKnownFileType = sourcecode.swift; path = SessionStatusView.swift; sourceTree = "<group>"; };
		7F53884B837EE5BC2D70A17B /* TrackingSession+Helpers.swift */ = {isa = PBXFileReference; lastKnownFileType = sourcecode.swift; path = "TrackingSession+Helpers.swift"; sourceTree = "<group>"; };
		9FAD7BA446F0F7CD594BB760 /* RecentLocationsView.swift */ = {isa = PBXFileReference; lastKnownFileType = sourcecode.swift; path = RecentLocationsView.swift; sourceTree = "<group>"; };
		A1B2C3D32B4A1E0000123456 /* KalmanFilter.swift */ = {isa = PBXFileReference; lastKnownFileType = sourcecode.swift; path = KalmanFilter.swift; sourceTree = "<group>"; };
		BC4619B0135A9EC7F9501CA4 /* ModernSessionRowView.swift */ = {isa = PBXFileReference; lastKnownFileType = sourcecode.swift; path = ModernSessionRowView.swift; sourceTree = "<group>"; };
		BEBF1DD3C6406920EEE29E14 /* ErrorAlertView.swift */ = {isa = PBXFileReference; lastKnownFileType = sourcecode.swift; path = ErrorAlertView.swift; sourceTree = "<group>"; };
		CA5F203F22A0881250AF3116 /* HistoryComponents.swift */ = {isa = PBXFileReference; lastKnownFileType = sourcecode.swift; path = HistoryComponents.swift; sourceTree = "<group>"; };
		CDBD46E4EC1B24C4315ACA6F /* SessionDetailView.swift */ = {isa = PBXFileReference; lastKnownFileType = sourcecode.swift; path = SessionDetailView.swift; sourceTree = "<group>"; };
		D4A1AF1DF82AF7653074BC8C /* TrackingControlButton.swift */ = {isa = PBXFileReference; lastKnownFileType = sourcecode.swift; path = TrackingControlButton.swift; sourceTree = "<group>"; };
		D59CAF947C50CCD6300C887F /* SessionStatisticsCard.swift */ = {isa = PBXFileReference; lastKnownFileType = sourcecode.swift; path = SessionStatisticsCard.swift; sourceTree = "<group>"; };
		E6A49A431CAA4ACABE960D26 /* Config.swift */ = {isa = PBXFileReference; lastKnownFileType = sourcecode.swift; path = Config.swift; sourceTree = "<group>"; };
		E914F2CD5892FA0AA7B8EB94 /* PermissionBanner.swift */ = {isa = PBXFileReference; lastKnownFileType = sourcecode.swift; path = PermissionBanner.swift; sourceTree = "<group>"; };
		E94CA6875E8C4784A6976C72 /* CoreDataRepositories.swift */ = {isa = PBXFileReference; lastKnownFileType = sourcecode.swift; path = CoreDataRepositories.swift; sourceTree = "<group>"; };
		EE143871B747DC0D17E297B2 /* BackgroundTrackingInfoView.swift */ = {isa = PBXFileReference; lastKnownFileType = sourcecode.swift; path = BackgroundTrackingInfoView.swift; sourceTree = "<group>"; };
		F08FDDC6A164BD61F0DE7125 /* NarrativeInputView.swift */ = {isa = PBXFileReference; lastKnownFileType = sourcecode.swift; path = NarrativeInputView.swift; sourceTree = "<group>"; };
		F298DA005ACCA2A6C3D1CA30 /* SessionStatisticsView.swift */ = {isa = PBXFileReference; lastKnownFileType = sourcecode.swift; path = SessionStatisticsView.swift; sourceTree = "<group>"; };
		F2CDE3B6068120221FCE30F5 /* TrackingComponents.swift */ = {isa = PBXFileReference; lastKnownFileType = sourcecode.swift; path = TrackingComponents.swift; sourceTree = "<group>"; };
		BB22CC33DD44EE5522334455 /* HistoryListViewModel.swift */ = {isa = PBXFileReference; lastKnownFileType = sourcecode.swift; path = HistoryListViewModel.swift; sourceTree = "<group>"; };
		DD44EE55FF66AA7733556677 /* MapViewModel.swift */ = {isa = PBXFileReference; lastKnownFileType = sourcecode.swift; path = MapViewModel.swift; sourceTree = "<group>"; };
		FF66AA77BB88CC9944778899 /* TrackingControlBarViewModel.swift */ = {isa = PBXFileReference; lastKnownFileType = sourcecode.swift; path = TrackingControlBarViewModel.swift; sourceTree = "<group>"; };
		BB88CC99DD00EE2255990011 /* TripMapSubViews.swift */ = {isa = PBXFileReference; lastKnownFileType = sourcecode.swift; path = TripMapSubViews.swift; sourceTree = "<group>"; };
		CC00DD11EE22FF3355112233 /* TrackingSubViews.swift */ = {isa = PBXFileReference; lastKnownFileType = sourcecode.swift; path = TrackingSubViews.swift; sourceTree = "<group>"; };
/* End PBXFileReference section */

/* Begin PBXFileSystemSynchronizedRootGroup section */
		07216F492EB170870091E25F /* TrackMeTests */ = {isa = PBXFileSystemSynchronizedRootGroup; explicitFileTypes = {}; explicitFolders = (); path = TrackMeTests; sourceTree = "<group>"; };
/* End PBXFileSystemSynchronizedRootGroup section */

/* Begin PBXFrameworksBuildPhase section */
		07216F452EB170870091E25F /* Frameworks */ = {
			isa = PBXFrameworksBuildPhase;
			buildActionMask = 2147483647;
			files = (
			);
			runOnlyForDeploymentPostprocessing = 0;
		};
		7C8E9F232B4A1B3C00123456 /* Frameworks */ = {
			isa = PBXFrameworksBuildPhase;
			buildActionMask = 2147483647;
			files = (
			);
			runOnlyForDeploymentPostprocessing = 0;
		};
		7C8E9F4A2B4A1D1000123456 /* Frameworks */ = {
			isa = PBXFrameworksBuildPhase;
			buildActionMask = 2147483647;
			files = (
			);
			runOnlyForDeploymentPostprocessing = 0;
		};
/* End PBXFrameworksBuildPhase section */

/* Begin PBXGroup section */
		070366E22EB14C8600C2E1F4 = {
			isa = PBXGroup;
			children = (
				7C8E9F272B4A1B3C00123456 /* TrackMe */,
				7C8E9F4D2B4A1D1000123456 /* TrackMe Watch App */,
				07216F492EB170870091E25F /* TrackMeTests */,
				070366E52EB14C8600C2E1F4 /* Products */,
			);
			sourceTree = "<group>";
		};
		070366E52EB14C8600C2E1F4 /* Products */ = {
			isa = PBXGroup;
			children = (
				070366E42EB14C8600C2E1F4 /* TrackMe.app */,
				070366E62EB14C8600C2E1F4 /* TrackMe Watch App.app */,
				07216F482EB170870091E25F /* TrackMeTests.xctest */,
			);
			name = Products;
			sourceTree = "<group>";
		};
		7C8E9F272B4A1B3C00123456 /* TrackMe */ = {
			isa = PBXGroup;
			children = (
				7C8E9F292B4A1B3C00123456 /* TrackMeApp.swift */,
				E6A49A431CAA4ACABE960D26 /* Config.swift */,
				7C8E9F2B2B4A1B3C00123456 /* ContentView.swift */,
				BF38F9AD945A8BA38F0C3E36 /* Models */,
				7C8E9F3C2B4A1C0000123456 /* Services */,
				AA11BB22CC33DD4466778899 /* ViewModels */,
				7C8E9F3B2B4A1BF000123456 /* Views */,
				7C8E9F372B4A1BE000123456 /* Data */,
				7C8E9F2D2B4A1B3D00123456 /* Assets.xcassets */,
				7C8E9F2F2B4A1B3D00123456 /* Preview Content */,
			);
			path = TrackMe;
			sourceTree = "<group>";
		};
		7C8E9F2F2B4A1B3D00123456 /* Preview Content */ = {
			isa = PBXGroup;
			children = (
				7C8E9F302B4A1B3D00123456 /* Preview Assets.xcassets */,
			);
			path = "Preview Content";
			sourceTree = "<group>";
		};
		7C8E9F372B4A1BE000123456 /* Data */ = {
			isa = PBXGroup;
			children = (
				7C8E9F322B4A1B3D00123456 /* Persistence.swift */,
				75461525581C41A79FA516E6 /* RepositoryProtocols.swift */,
				E94CA6875E8C4784A6976C72 /* CoreDataRepositories.swift */,
				7F53884B837EE5BC2D70A17B /* TrackingSession+Helpers.swift */,
				7C8E9F342B4A1B3D00123456 /* TrackMe.xcdatamodeld */,
			);
			path = Data;
			sourceTree = "<group>";
		};
		7C8E9F3B2B4A1BF000123456 /* Views */ = {
			isa = PBXGroup;
			children = (
				7C8E9F3F2B4A1C2000123456 /* TrackingView.swift */,
				7C8E9F412B4A1C3000123456 /* HistoryView.swift */,
				7C8E9F432B4A1C4000123456 /* TripMapView.swift */,
				64F8D6328889461EF061FA85 /* TrackingModeSettingsView.swift */,
				0767AABD2EB18E6A00BEDAFF /* ShareSheet.swift */,
				DB3AAA9558569F114C9D880F /* Components */,
			);
			path = Views;
			sourceTree = "<group>";
		};
		7C8E9F3C2B4A1C0000123456 /* Services */ = {
			isa = PBXGroup;
			children = (
				36E8F9447653B016BA5AF298 /* ErrorHandling.swift */,
				076726E72EB18CCF00BEDA68 /* ExportService.swift */,
				7C8E9F3D2B4A1C1000123456 /* LocationManager.swift */,
				0767AAAB2EB18DDC00BEDAFF /* MapMath.swift */,
				7C8E9F452B4A1C5000123456 /* PhoneConnectivityManager.swift */,
				A1B2C3D32B4A1E0000123456 /* KalmanFilter.swift */,
			);
			path = Services;
			sourceTree = "<group>";
		};
		7C8E9F4D2B4A1D1000123456 /* TrackMe Watch App */ = {
			isa = PBXGroup;
			children = (
				7C8E9F4F2B4A1D1000123456 /* TrackMe_Watch_AppApp.swift */,
				7C8E9F512B4A1D1000123456 /* ContentView.swift */,
				7C8E9F5E2B4A1D5000123456 /* Services */,
				7C8E9F5F2B4A1D6000123456 /* Views */,
				7C8E9F532B4A1D1000123456 /* Assets.xcassets */,
				7C8E9F552B4A1D1000123456 /* Preview Content */,
			);
			path = "TrackMe Watch App";
			sourceTree = "<group>";
		};
		7C8E9F552B4A1D1000123456 /* Preview Content */ = {
			isa = PBXGroup;
			children = (
				7C8E9F562B4A1D1000123456 /* Preview Assets.xcassets */,
			);
			path = "Preview Content";
			sourceTree = "<group>";
		};
		7C8E9F5E2B4A1D5000123456 /* Services */ = {
			isa = PBXGroup;
			children = (
				7C8E9F582B4A1D2000123456 /* WatchConnectivityManager.swift */,
			);
			path = Services;
			sourceTree = "<group>";
		};
		7C8E9F5F2B4A1D6000123456 /* Views */ = {
			isa = PBXGroup;
			children = (
				7C8E9F5A2B4A1D3000123456 /* TrackingControlView.swift */,
				7C8E9F5C2B4A1D4000123456 /* SessionStatusView.swift */,
			);
			path = Views;
			sourceTree = "<group>";
		};
		BF38F9AD945A8BA38F0C3E36 /* Models */ = {
			isa = PBXGroup;
			children = (
				74588DD5803D317063AE2660 /* TrackingMode.swift */,
			);
			path = Models;
			sourceTree = "<group>";
		};
		DB3AAA9558569F114C9D880F /* Components */ = {
			isa = PBXGroup;
			children = (
				6B7A2AB053A94AC1BB0DC04C /* EmptyHistoryView.swift */,
				BC4619B0135A9EC7F9501CA4 /* ModernSessionRowView.swift */,
				EE143871B747DC0D17E297B2 /* BackgroundTrackingInfoView.swift */,
				31B53DEEA33CA8EC574A4C05 /* CurrentLocationView.swift */,
				BEBF1DD3C6406920EEE29E14 /* ErrorAlertView.swift */,
				CA5F203F22A0881250AF3116 /* HistoryComponents.swift */,
				F08FDDC6A164BD61F0DE7125 /* NarrativeInputView.swift */,
				E914F2CD5892FA0AA7B8EB94 /* PermissionBanner.swift */,
				08ABE5C9782CC8CACA39E735 /* PermissionStatusView.swift */,
				9FAD7BA446F0F7CD594BB760 /* RecentLocationsView.swift */,
				CDBD46E4EC1B24C4315ACA6F /* SessionDetailView.swift */,
				34ED702B2F1A9F553D8B4276 /* SessionInfoCard.swift */,
				D59CAF947C50CCD6300C887F /* SessionStatisticsCard.swift */,
				F298DA005ACCA2A6C3D1CA30 /* SessionStatisticsView.swift */,
				F2CDE3B6068120221FCE30F5 /* TrackingComponents.swift */,
				D4A1AF1DF82AF7653074BC8C /* TrackingControlButton.swift */,
				3FE3261C3EC4921318B1EBC6 /* TrackingStatusIndicator.swift */,
				BB88CC99DD00EE2255990011 /* TripMapSubViews.swift */,
				CC00DD11EE22FF3355112233 /* TrackingSubViews.swift */,
			);
			path = Components;
			sourceTree = "<group>";
		};
		AA11BB22CC33DD4466778899 /* ViewModels */ = {
			isa = PBXGroup;
			children = (
				BB22CC33DD44EE5522334455 /* HistoryListViewModel.swift */,
				DD44EE55FF66AA7733556677 /* MapViewModel.swift */,
				FF66AA77BB88CC9944778899 /* TrackingControlBarViewModel.swift */,
			);
			path = ViewModels;
			sourceTree = "<group>";
		};
/* End PBXGroup section */

/* Begin PBXNativeTarget section */
		07216F472EB170870091E25F /* TrackMeTests */ = {
			isa = PBXNativeTarget;
			buildConfigurationList = 07216F502EB170870091E25F /* Build configuration list for PBXNativeTarget "TrackMeTests" */;
			buildPhases = (
				07216F442EB170870091E25F /* Sources */,
				07216F452EB170870091E25F /* Frameworks */,
				07216F462EB170870091E25F /* Resources */,
			);
			buildRules = (
			);
			dependencies = (
				07216F4D2EB170870091E25F /* PBXTargetDependency */,
			);
			fileSystemSynchronizedGroups = (
				07216F492EB170870091E25F /* TrackMeTests */,
			);
			name = TrackMeTests;
			packageProductDependencies = (
			);
			productName = TrackMeTests;
			productReference = 07216F482EB170870091E25F /* TrackMeTests.xctest */;
			productType = "com.apple.product-type.bundle.unit-test";
		};
		7C8E9F252B4A1B3C00123456 /* TrackMe */ = {
			isa = PBXNativeTarget;
			buildConfigurationList = 7C8E9F392B4A1B3D00123456 /* Build configuration list for PBXNativeTarget "TrackMe" */;
			buildPhases = (
				7C8E9F222B4A1B3C00123456 /* Sources */,
				7C8E9F232B4A1B3C00123456 /* Frameworks */,
				7C8E9F242B4A1B3C00123456 /* Resources */,
			);
			buildRules = (
			);
			dependencies = (
			);
			name = TrackMe;
			productName = TrackMe;
			productReference = 070366E42EB14C8600C2E1F4 /* TrackMe.app */;
			productType = "com.apple.product-type.application";
		};
		7C8E9F4C2B4A1D1000123456 /* TrackMe Watch App */ = {
			isa = PBXNativeTarget;
			buildConfigurationList = 7C8E9F5E2B4A1D1000123456 /* Build configuration list for PBXNativeTarget "TrackMe Watch App" */;
			buildPhases = (
				7C8E9F492B4A1D1000123456 /* Sources */,
				7C8E9F4A2B4A1D1000123456 /* Frameworks */,
				7C8E9F4B2B4A1D1000123456 /* Resources */,
			);
			buildRules = (
			);
			dependencies = (
			);
			name = "TrackMe Watch App";
			productName = "TrackMe Watch App";
			productReference = 070366E62EB14C8600C2E1F4 /* TrackMe Watch App.app */;
			productType = "com.apple.product-type.application";
		};
/* End PBXNativeTarget section */

/* Begin PBXProject section */
		7C8E9F1E2B4A1B3C00123456 /* Project object */ = {
			isa = PBXProject;
			attributes = {
				BuildIndependentTargetsInParallel = 1;
				LastSwiftUpdateCheck = 2600;
				LastUpgradeCheck = 2600;
				TargetAttributes = {
					07216F472EB170870091E25F = {
						CreatedOnToolsVersion = 26.0.1;
						TestTargetID = 7C8E9F252B4A1B3C00123456;
					};
					7C8E9F252B4A1B3C00123456 = {
						CreatedOnToolsVersion = 15.0;
					};
					7C8E9F4C2B4A1D1000123456 = {
						CreatedOnToolsVersion = 15.0;
					};
				};
			};
			buildConfigurationList = 7C8E9F212B4A1B3C00123456 /* Build configuration list for PBXProject "TrackMe" */;
			compatibilityVersion = "Xcode 14.0";
			developmentRegion = en;
			hasScannedForEncodings = 0;
			knownRegions = (
				en,
				Base,
			);
			mainGroup = 070366E22EB14C8600C2E1F4;
			productRefGroup = 070366E52EB14C8600C2E1F4 /* Products */;
			projectDirPath = "";
			projectRoot = "";
			targets = (
				7C8E9F252B4A1B3C00123456 /* TrackMe */,
				7C8E9F4C2B4A1D1000123456 /* TrackMe Watch App */,
				07216F472EB170870091E25F /* TrackMeTests */,
			);
		};
/* End PBXProject section */

/* Begin PBXResourcesBuildPhase section */
		07216F462EB170870091E25F /* Resources */ = {
			isa = PBXResourcesBuildPhase;
			buildActionMask = 2147483647;
			files = (
			);
			runOnlyForDeploymentPostprocessing = 0;
		};
		7C8E9F242B4A1B3C00123456 /* Resources */ = {
			isa = PBXResourcesBuildPhase;
			buildActionMask = 2147483647;
			files = (
				7C8E9F312B4A1B3D00123456 /* Preview Assets.xcassets in Resources */,
				7C8E9F2E2B4A1B3D00123456 /* Assets.xcassets in Resources */,
			);
			runOnlyForDeploymentPostprocessing = 0;
		};
		7C8E9F4B2B4A1D1000123456 /* Resources */ = {
			isa = PBXResourcesBuildPhase;
			buildActionMask = 2147483647;
			files = (
				7C8E9F572B4A1D1000123456 /* Preview Assets.xcassets in Resources */,
				7C8E9F542B4A1D1000123456 /* Assets.xcassets in Resources */,
			);
			runOnlyForDeploymentPostprocessing = 0;
		};
/* End PBXResourcesBuildPhase section */

/* Begin PBXSourcesBuildPhase section */
		07216F442EB170870091E25F /* Sources */ = {
			isa = PBXSourcesBuildPhase;
			buildActionMask = 2147483647;
			files = (
			);
			runOnlyForDeploymentPostprocessing = 0;
		};
		7C8E9F222B4A1B3C00123456 /* Sources */ = {
			isa = PBXSourcesBuildPhase;
			buildActionMask = 2147483647;
			files = (
				7C8E9F332B4A1B3D00123456 /* Persistence.swift in Sources */,
				8F03923C43E14B76B73E1007 /* RepositoryProtocols.swift in Sources */,
				556BC21BE3EF47C9B74CFAF5 /* CoreDataRepositories.swift in Sources */,
				8DFDAE7C5530A6C44266E0C1 /* TrackingSession+Helpers.swift in Sources */,
				2B4D66234587161685C16D6B /* TrackingMode.swift in Sources */,
				905EBE97720ED330D8400170 /* TrackingModeSettingsView.swift in Sources */,
				4B24020CC7B647A5A0647AF7 /* Config.swift in Sources */,
				7C8E9F2C2B4A1B3C00123456 /* ContentView.swift in Sources */,
				7C8E9F2A2B4A1B3C00123456 /* TrackMeApp.swift in Sources */,
				7C8E9F362B4A1B3D00123456 /* TrackMe.xcdatamodeld in Sources */,
				B664BB359DF33549BE45C758 /* ErrorHandling.swift in Sources */,
				7C8E9F3E2B4A1C1000123456 /* LocationManager.swift in Sources */,
				0767AAAA2EB18DDC00BEDAFF /* MapMath.swift in Sources */,
				7C8E9F402B4A1C2000123456 /* TrackingView.swift in Sources */,
				7C8E9F422B4A1C3000123456 /* HistoryView.swift in Sources */,
				7C8E9F442B4A1C4000123456 /* TripMapView.swift in Sources */,
				7C8E9F462B4A1C5000123456 /* PhoneConnectivityManager.swift in Sources */,
				076726E82EB18CCF00BEDA68 /* ExportService.swift in Sources */,
				0767AABE2EB18E6A00BEDAFF /* ShareSheet.swift in Sources */,
				982CF5E182E890CD78FE6240 /* EmptyHistoryView.swift in Sources */,
				7858E9EE7FDA1C36EB65E87C /* ModernSessionRowView.swift in Sources */,
				C9132393BB0BF265F32414FF /* BackgroundTrackingInfoView.swift in Sources */,
				74A7FE5BA78E1F2D60D25B94 /* CurrentLocationView.swift in Sources */,
				FB665B47B7749B4C88B25BBB /* ErrorAlertView.swift in Sources */,
				3B1115DDFAE5CB4AEB1BCE95 /* HistoryComponents.swift in Sources */,
				97817187B58561E3540ACC24 /* NarrativeInputView.swift in Sources */,
				861E38E19EA5E9EA97AC7C4A /* PermissionBanner.swift in Sources */,
				0FD7628EC1B5368AAA654795 /* PermissionStatusView.swift in Sources */,
				1D40674C463D3B7AB6F60652 /* RecentLocationsView.swift in Sources */,
				FE39A2A87C27BE4E92C56784 /* SessionDetailView.swift in Sources */,
				708EDB67C8B6485242B14447 /* SessionInfoCard.swift in Sources */,
				1FA6DF0169A7A84762A0757F /* SessionStatisticsCard.swift in Sources */,
				CF3744EC5558C9247CE53B1D /* SessionStatisticsView.swift in Sources */,
				37271912A8AB9EAD6947E6CF /* TrackingComponents.swift in Sources */,
				1F00239F337DDF5FB1F2E7CE /* TrackingControlButton.swift in Sources */,
				93D28559EC42E856F22AE215 /* TrackingStatusIndicator.swift in Sources */,
				A1B2C3D42B4A1E0000123456 /* KalmanFilter.swift in Sources */,
				AA11BB22CC33DD4411223344 /* HistoryListViewModel.swift in Sources */,
				CC33DD44EE55FF6622445566 /* MapViewModel.swift in Sources */,
				EE55FF66AA77BB8833667788 /* TrackingControlBarViewModel.swift in Sources */,
				AA77BB88CC99DD1144889900 /* TripMapSubViews.swift in Sources */,
				BB99CC00DD11EE2244001122 /* TrackingSubViews.swift in Sources */,
			);
			runOnlyForDeploymentPostprocessing = 0;
		};
		7C8E9F492B4A1D1000123456 /* Sources */ = {
			isa = PBXSourcesBuildPhase;
			buildActionMask = 2147483647;
			files = (
				7C8E9F502B4A1D1000123456 /* TrackMe_Watch_AppApp.swift in Sources */,
				7C8E9F522B4A1D1000123456 /* ContentView.swift in Sources */,
				7C8E9F592B4A1D2000123456 /* WatchConnectivityManager.swift in Sources */,
				7C8E9F5B2B4A1D3000123456 /* TrackingControlView.swift in Sources */,
				7C8E9F5D2B4A1D4000123456 /* SessionStatusView.swift in Sources */,
			);
			runOnlyForDeploymentPostprocessing = 0;
		};
/* End PBXSourcesBuildPhase section */

/* Begin PBXTargetDependency section */
		07216F4D2EB170870091E25F /* PBXTargetDependency */ = {
			isa = PBXTargetDependency;
			target = 7C8E9F252B4A1B3C00123456 /* TrackMe */;
			targetProxy = 07216F4C2EB170870091E25F /* PBXContainerItemProxy */;
		};
/* End PBXTargetDependency section */

/* Begin XCBuildConfiguration section */
		07216F4E2EB170870091E25F /* Debug */ = {
			isa = XCBuildConfiguration;
			buildSettings = {
				BUNDLE_LOADER = "$(TEST_HOST)";
				CODE_SIGN_STYLE = Automatic;
				CURRENT_PROJECT_VERSION = 1;
				DEVELOPMENT_TEAM = ATXPKWAZ8W;
				GENERATE_INFOPLIST_FILE = YES;
				IPHONEOS_DEPLOYMENT_TARGET = 18.6;
				MARKETING_VERSION = 1.0;
				PRODUCT_BUNDLE_IDENTIFIER = com.ericbrian.TrackMeTests;
				PRODUCT_NAME = "$(TARGET_NAME)";
				STRING_CATALOG_GENERATE_SYMBOLS = NO;
				SWIFT_APPROACHABLE_CONCURRENCY = YES;
				SWIFT_EMIT_LOC_STRINGS = NO;
				SWIFT_UPCOMING_FEATURE_MEMBER_IMPORT_VISIBILITY = YES;
				SWIFT_VERSION = 5.0;
				TARGETED_DEVICE_FAMILY = "1,2";
				TEST_HOST = "$(BUILT_PRODUCTS_DIR)/TrackMe.app/$(BUNDLE_EXECUTABLE_FOLDER_PATH)/TrackMe";
			};
			name = Debug;
		};
		07216F4F2EB170870091E25F /* Release */ = {
			isa = XCBuildConfiguration;
			buildSettings = {
				BUNDLE_LOADER = "$(TEST_HOST)";
				CODE_SIGN_STYLE = Automatic;
				CURRENT_PROJECT_VERSION = 1;
				DEVELOPMENT_TEAM = ATXPKWAZ8W;
				GENERATE_INFOPLIST_FILE = YES;
				IPHONEOS_DEPLOYMENT_TARGET = 26.0;
				MARKETING_VERSION = 1.0;
				PRODUCT_BUNDLE_IDENTIFIER = com.ericbrian.TrackMeTests;
				PRODUCT_NAME = "$(TARGET_NAME)";
				STRING_CATALOG_GENERATE_SYMBOLS = NO;
				SWIFT_APPROACHABLE_CONCURRENCY = YES;
				SWIFT_EMIT_LOC_STRINGS = NO;
				SWIFT_UPCOMING_FEATURE_MEMBER_IMPORT_VISIBILITY = YES;
				SWIFT_VERSION = 5.0;
				TARGETED_DEVICE_FAMILY = "1,2";
				TEST_HOST = "$(BUILT_PRODUCTS_DIR)/TrackMe.app/$(BUNDLE_EXECUTABLE_FOLDER_PATH)/TrackMe";
			};
			name = Release;
		};
		7C8E9F372B4A1B3D00123456 /* Debug */ = {
			isa = XCBuildConfiguration;
			buildSettings = {
				ALWAYS_SEARCH_USER_PATHS = NO;
				ASSETCATALOG_COMPILER_GENERATE_SWIFT_ASSET_SYMBOL_EXTENSIONS = YES;
				CLANG_ANALYZER_NONNULL = YES;
				CLANG_ANALYZER_NUMBER_OBJECT_CONVERSION = YES_AGGRESSIVE;
				CLANG_CXX_LANGUAGE_STANDARD = "gnu++20";
				CLANG_ENABLE_MODULES = YES;
				CLANG_ENABLE_OBJC_ARC = YES;
				CLANG_ENABLE_OBJC_WEAK = YES;
				CLANG_WARN_BLOCK_CAPTURE_AUTORELEASING = YES;
				CLANG_WARN_BOOL_CONVERSION = YES;
				CLANG_WARN_COMMA = YES;
				CLANG_WARN_CONSTANT_CONVERSION = YES;
				CLANG_WARN_DEPRECATED_OBJC_IMPLEMENTATIONS = YES;
				CLANG_WARN_DIRECT_OBJC_ISA_USAGE = YES_ERROR;
				CLANG_WARN_DOCUMENTATION_COMMENTS = YES;
				CLANG_WARN_EMPTY_BODY = YES;
				CLANG_WARN_ENUM_CONVERSION = YES;
				CLANG_WARN_INFINITE_RECURSION = YES;
				CLANG_WARN_INT_CONVERSION = YES;
				CLANG_WARN_NON_LITERAL_NULL_CONVERSION = YES;
				CLANG_WARN_OBJC_IMPLICIT_RETAIN_SELF = YES;
				CLANG_WARN_OBJC_LITERAL_CONVERSION = YES;
				CLANG_WARN_OBJC_ROOT_CLASS = YES_ERROR;
				CLANG_WARN_QUOTED_INCLUDE_IN_FRAMEWORK_HEADER = YES;
				CLANG_WARN_RANGE_LOOP_ANALYSIS = YES;
				CLANG_WARN_STRICT_PROTOTYPES = YES;
				CLANG_WARN_SUSPICIOUS_MOVE = YES;
				CLANG_WARN_UNGUARDED_AVAILABILITY = YES_AGGRESSIVE;
				CLANG_WARN_UNREACHABLE_CODE = YES;
				CLANG_WARN__DUPLICATE_METHOD_MATCH = YES;
				COPY_PHASE_STRIP = NO;
				DEBUG_INFORMATION_FORMAT = dwarf;
				ENABLE_STRICT_OBJC_MSGSEND = YES;
				ENABLE_TESTABILITY = YES;
				ENABLE_USER_SCRIPT_SANDBOXING = YES;
				GCC_C_LANGUAGE_STANDARD = gnu17;
				GCC_DYNAMIC_NO_PIC = NO;
				GCC_NO_COMMON_BLOCKS = YES;
				GCC_OPTIMIZATION_LEVEL = 0;
				GCC_PREPROCESSOR_DEFINITIONS = (
					"DEBUG=1",
					"$(inherited)",
				);
				GCC_WARN_64_TO_32_BIT_CONVERSION = YES;
				GCC_WARN_ABOUT_RETURN_TYPE = YES_ERROR;
				GCC_WARN_UNDECLARED_SELECTOR = YES;
				GCC_WARN_UNINITIALIZED_AUTOS = YES_AGGRESSIVE;
				GCC_WARN_UNUSED_FUNCTION = YES;
				GCC_WARN_UNUSED_VARIABLE = YES;
				IPHONEOS_DEPLOYMENT_TARGET = 17.0;
				LOCALIZATION_PREFERS_STRING_CATALOGS = YES;
				MTL_ENABLE_DEBUG_INFO = INCLUDE_SOURCE;
				MTL_FAST_MATH = YES;
				ONLY_ACTIVE_ARCH = YES;
				SDKROOT = iphoneos;
				STRING_CATALOG_GENERATE_SYMBOLS = YES;
				SWIFT_ACTIVE_COMPILATION_CONDITIONS = "DEBUG $(inherited)";
				SWIFT_OPTIMIZATION_LEVEL = "-Onone";
			};
			name = Debug;
		};
		7C8E9F382B4A1B3D00123456 /* Release */ = {
			isa = XCBuildConfiguration;
			buildSettings = {
				ALWAYS_SEARCH_USER_PATHS = NO;
				ASSETCATALOG_COMPILER_GENERATE_SWIFT_ASSET_SYMBOL_EXTENSIONS = YES;
				CLANG_ANALYZER_NONNULL = YES;
				CLANG_ANALYZER_NUMBER_OBJECT_CONVERSION = YES_AGGRESSIVE;
				CLANG_CXX_LANGUAGE_STANDARD = "gnu++20";
				CLANG_ENABLE_MODULES = YES;
				CLANG_ENABLE_OBJC_ARC = YES;
				CLANG_ENABLE_OBJC_WEAK = YES;
				CLANG_WARN_BLOCK_CAPTURE_AUTORELEASING = YES;
				CLANG_WARN_BOOL_CONVERSION = YES;
				CLANG_WARN_COMMA = YES;
				CLANG_WARN_CONSTANT_CONVERSION = YES;
				CLANG_WARN_DEPRECATED_OBJC_IMPLEMENTATIONS = YES;
				CLANG_WARN_DIRECT_OBJC_ISA_USAGE = YES_ERROR;
				CLANG_WARN_DOCUMENTATION_COMMENTS = YES;
				CLANG_WARN_EMPTY_BODY = YES;
				CLANG_WARN_ENUM_CONVERSION = YES;
				CLANG_WARN_INFINITE_RECURSION = YES;
				CLANG_WARN_INT_CONVERSION = YES;
				CLANG_WARN_NON_LITERAL_NULL_CONVERSION = YES;
				CLANG_WARN_OBJC_IMPLICIT_RETAIN_SELF = YES;
				CLANG_WARN_OBJC_LITERAL_CONVERSION = YES;
				CLANG_WARN_OBJC_ROOT_CLASS = YES_ERROR;
				CLANG_WARN_QUOTED_INCLUDE_IN_FRAMEWORK_HEADER = YES;
				CLANG_WARN_RANGE_LOOP_ANALYSIS = YES;
				CLANG_WARN_STRICT_PROTOTYPES = YES;
				CLANG_WARN_SUSPICIOUS_MOVE = YES;
				CLANG_WARN_UNGUARDED_AVAILABILITY = YES_AGGRESSIVE;
				CLANG_WARN_UNREACHABLE_CODE = YES;
				CLANG_WARN__DUPLICATE_METHOD_MATCH = YES;
				COPY_PHASE_STRIP = NO;
				DEBUG_INFORMATION_FORMAT = "dwarf-with-dsym";
				ENABLE_NS_ASSERTIONS = NO;
				ENABLE_STRICT_OBJC_MSGSEND = YES;
				ENABLE_USER_SCRIPT_SANDBOXING = YES;
				GCC_C_LANGUAGE_STANDARD = gnu17;
				GCC_NO_COMMON_BLOCKS = YES;
				GCC_WARN_64_TO_32_BIT_CONVERSION = YES;
				GCC_WARN_ABOUT_RETURN_TYPE = YES_ERROR;
				GCC_WARN_UNDECLARED_SELECTOR = YES;
				GCC_WARN_UNINITIALIZED_AUTOS = YES_AGGRESSIVE;
				GCC_WARN_UNUSED_FUNCTION = YES;
				GCC_WARN_UNUSED_VARIABLE = YES;
				IPHONEOS_DEPLOYMENT_TARGET = 17.0;
				LOCALIZATION_PREFERS_STRING_CATALOGS = YES;
				MTL_ENABLE_DEBUG_INFO = NO;
				MTL_FAST_MATH = YES;
				SDKROOT = iphoneos;
				STRING_CATALOG_GENERATE_SYMBOLS = YES;
				SWIFT_COMPILATION_MODE = wholemodule;
				VALIDATE_PRODUCT = YES;
			};
			name = Release;
		};
		7C8E9F3A2B4A1B3D00123456 /* Debug */ = {
			isa = XCBuildConfiguration;
			buildSettings = {
				ASSETCATALOG_COMPILER_APPICON_NAME = AppIcon;
				ASSETCATALOG_COMPILER_GLOBAL_ACCENT_COLOR_NAME = AccentColor;
				CODE_SIGN_STYLE = Automatic;
				CURRENT_PROJECT_VERSION = 1;
				DEVELOPMENT_ASSET_PATHS = "\"TrackMe/Preview Content\"";
				DEVELOPMENT_TEAM = ATXPKWAZ8W;
				ENABLE_PREVIEWS = YES;
				GENERATE_INFOPLIST_FILE = NO;
				INFOPLIST_FILE = TrackMe/Info.plist;
				IPHONEOS_DEPLOYMENT_TARGET = 18.6;
				LD_RUNPATH_SEARCH_PATHS = (
					"$(inherited)",
					"@executable_path/Frameworks",
				);
				MARKETING_VERSION = 1.0;
				PRODUCT_BUNDLE_IDENTIFIER = com.ericbrian.TrackMe;
				PRODUCT_NAME = "$(TARGET_NAME)";
				SWIFT_EMIT_LOC_STRINGS = YES;
				SWIFT_VERSION = 5.0;
				TARGETED_DEVICE_FAMILY = "1,2";
			};
			name = Debug;
		};
		7C8E9F3B2B4A1B3D00123456 /* Release */ = {
			isa = XCBuildConfiguration;
			buildSettings = {
				ASSETCATALOG_COMPILER_APPICON_NAME = AppIcon;
				ASSETCATALOG_COMPILER_GLOBAL_ACCENT_COLOR_NAME = AccentColor;
				CODE_SIGN_STYLE = Automatic;
				CURRENT_PROJECT_VERSION = 1;
				DEVELOPMENT_ASSET_PATHS = "\"TrackMe/Preview Content\"";
				DEVELOPMENT_TEAM = ATXPKWAZ8W;
				ENABLE_PREVIEWS = YES;
				GENERATE_INFOPLIST_FILE = NO;
				INFOPLIST_FILE = TrackMe/Info.plist;
				IPHONEOS_DEPLOYMENT_TARGET = 18.6;
				LD_RUNPATH_SEARCH_PATHS = (
					"$(inherited)",
					"@executable_path/Frameworks",
				);
				MARKETING_VERSION = 1.0;
				PRODUCT_BUNDLE_IDENTIFIER = com.ericbrian.TrackMe;
				PRODUCT_NAME = "$(TARGET_NAME)";
				SWIFT_EMIT_LOC_STRINGS = YES;
				SWIFT_VERSION = 5.0;
				TARGETED_DEVICE_FAMILY = "1,2";
			};
			name = Release;
		};
		7C8E9F5F2B4A1D1000123456 /* Debug */ = {
			isa = XCBuildConfiguration;
			buildSettings = {
				ASSETCATALOG_COMPILER_APPICON_NAME = AppIcon;
				ASSETCATALOG_COMPILER_GLOBAL_ACCENT_COLOR_NAME = AccentColor;
				CODE_SIGN_STYLE = Automatic;
				CURRENT_PROJECT_VERSION = 1;
				DEVELOPMENT_ASSET_PATHS = "\"TrackMe Watch App/Preview Content\"";
				DEVELOPMENT_TEAM = "";
				ENABLE_PREVIEWS = YES;
				GENERATE_INFOPLIST_FILE = YES;
				INFOPLIST_KEY_CFBundleDisplayName = "TrackMe Watch App";
				INFOPLIST_KEY_UISupportedInterfaceOrientations = "UIInterfaceOrientationPortrait UIInterfaceOrientationPortraitUpsideDown";
				INFOPLIST_KEY_WKWatchOnly = YES;
				LD_RUNPATH_SEARCH_PATHS = (
					"$(inherited)",
					"@executable_path/Frameworks",
				);
				MARKETING_VERSION = 1.0;
				PRODUCT_BUNDLE_IDENTIFIER = com.ericbrian.TrackMe.watchkitapp;
				PRODUCT_NAME = "$(TARGET_NAME)";
				SDKROOT = watchos;
				SKIP_INSTALL = YES;
				SWIFT_EMIT_LOC_STRINGS = YES;
				SWIFT_VERSION = 5.0;
				TARGETED_DEVICE_FAMILY = 4;
				WATCHOS_DEPLOYMENT_TARGET = 11.6;
			};
			name = Debug;
		};
		7C8E9F602B4A1D1000123456 /* Release */ = {
			isa = XCBuildConfiguration;
			buildSettings = {
				ASSETCATALOG_COMPILER_APPICON_NAME = AppIcon;
				ASSETCATALOG_COMPILER_GLOBAL_ACCENT_COLOR_NAME = AccentColor;
				CODE_SIGN_STYLE = Automatic;
				CURRENT_PROJECT_VERSION = 1;
				DEVELOPMENT_ASSET_PATHS = "\"TrackMe Watch App/Preview Content\"";
				DEVELOPMENT_TEAM = "";
				ENABLE_PREVIEWS = YES;
				GENERATE_INFOPLIST_FILE = YES;
				INFOPLIST_KEY_CFBundleDisplayName = "TrackMe Watch App";
				INFOPLIST_KEY_UISupportedInterfaceOrientations = "UIInterfaceOrientationPortrait UIInterfaceOrientationPortraitUpsideDown";
				INFOPLIST_KEY_WKWatchOnly = YES;
				LD_RUNPATH_SEARCH_PATHS = (
					"$(inherited)",
					"@executable_path/Frameworks",
				);
				MARKETING_VERSION = 1.0;
				PRODUCT_BUNDLE_IDENTIFIER = com.ericbrian.TrackMe.watchkitapp;
				PRODUCT_NAME = "$(TARGET_NAME)";
				SDKROOT = watchos;
				SKIP_INSTALL = YES;
				SWIFT_EMIT_LOC_STRINGS = YES;
				SWIFT_VERSION = 5.0;
				TARGETED_DEVICE_FAMILY = 4;
				WATCHOS_DEPLOYMENT_TARGET = 11.6;
			};
			name = Release;
		};
/* End XCBuildConfiguration section */

/* Begin XCConfigurationList section */
		07216F502EB170870091E25F /* Build configuration list for PBXNativeTarget "TrackMeTests" */ = {
			isa = XCConfigurationList;
			buildConfigurations = (
				07216F4E2EB170870091E25F /* Debug */,
				07216F4F2EB170870091E25F /* Release */,
			);
			defaultConfigurationIsVisible = 0;
			defaultConfigurationName = Release;
		};
		7C8E9F212B4A1B3C00123456 /* Build configuration list for PBXProject "TrackMe" */ = {
			isa = XCConfigurationList;
			buildConfigurations = (
				7C8E9F372B4A1B3D00123456 /* Debug */,
				7C8E9F382B4A1B3D00123456 /* Release */,
			);
			defaultConfigurationIsVisible = 0;
			defaultConfigurationName = Release;
		};
		7C8E9F392B4A1B3D00123456 /* Build configuration list for PBXNativeTarget "TrackMe" */ = {
			isa = XCConfigurationList;
			buildConfigurations = (
				7C8E9F3A2B4A1B3D00123456 /* Debug */,
				7C8E9F3B2B4A1B3D00123456 /* Release */,
			);
			defaultConfigurationIsVisible = 0;
			defaultConfigurationName = Release;
		};
		7C8E9F5E2B4A1D1000123456 /* Build configuration list for PBXNativeTarget "TrackMe Watch App" */ = {
			isa = XCConfigurationList;
			buildConfigurations = (
				7C8E9F5F2B4A1D1000123456 /* Debug */,
				7C8E9F602B4A1D1000123456 /* Release */,
			);
			defaultConfigurationIsVisible = 0;
			defaultConfigurationName = Release;
		};
/* End XCConfigurationList section */

/* Begin XCVersionGroup section */
		7C8E9F342B4A1B3D00123456 /* TrackMe.xcdatamodeld */ = {
			isa = XCVersionGroup;
			children = (
				7C8E9F352B4A1B3D00123456 /* TrackMe.xcdatamodel */,
			);
			currentVersion = 7C8E9F352B4A1B3D00123456 /* TrackMe.xcdatamodel */;
			name = TrackMe.xcdatamodeld;
			path = TrackMe/Data/TrackMe.xcdatamodeld;
			sourceTree = SOURCE_ROOT;
			versionGroupType = wrapper.xcdatamodel;
		};
/* End XCVersionGroup section */
	};
	rootObject = 7C8E9F1E2B4A1B3C00123456 /* Project object */;
}
